// !$*UTF8*$!
{
	archiveVersion = 1;
	classes = {
	};
	objectVersion = 46;
	objects = {

/* Begin PBXBuildFile section */
		5BAE3A455E78855364CAB419 /* libPods-LittleReader.a in Frameworks */ = {isa = PBXBuildFile; fileRef = 1C0E0ABED882B3827F12E8C3 /* libPods-LittleReader.a */; };
		CFD30BC5342284A28BFBA750 /* libPods-LittleReaderTests.a in Frameworks */ = {isa = PBXBuildFile; fileRef = F75A3AF90334BFB8AA231CFD /* libPods-LittleReaderTests.a */; };
		E816042919FAD89F00B87B9D /* UsageAnalytics.swift in Sources */ = {isa = PBXBuildFile; fileRef = E82DEC0419F6B97300EED0A8 /* UsageAnalytics.swift */; };
		E816042D19FAE05200B87B9D /* Common.swift in Sources */ = {isa = PBXBuildFile; fileRef = E816042C19FAE05200B87B9D /* Common.swift */; };
		E818296519F6F04A007B6DC9 /* Localizable.strings in Resources */ = {isa = PBXBuildFile; fileRef = E818296419F6F04A007B6DC9 /* Localizable.strings */; };
		E818296C19F6FE87007B6DC9 /* LessonViewController.swift in Sources */ = {isa = PBXBuildFile; fileRef = E818296B19F6FE87007B6DC9 /* LessonViewController.swift */; };
		E81846D019F94B580012EAAF /* ChildInfoViewController.swift in Sources */ = {isa = PBXBuildFile; fileRef = E81846CF19F94B580012EAAF /* ChildInfoViewController.swift */; };
		E81846D219F9503D0012EAAF /* MangedObjectContextHolder.swift in Sources */ = {isa = PBXBuildFile; fileRef = E81846D119F9503D0012EAAF /* MangedObjectContextHolder.swift */; };
		E81846D419F961870012EAAF /* UIAlertExtensions.swift in Sources */ = {isa = PBXBuildFile; fileRef = E81846D319F961870012EAAF /* UIAlertExtensions.swift */; };
		E81C446019FBFA5C007966E5 /* Common.swift in Sources */ = {isa = PBXBuildFile; fileRef = E816042C19FAE05200B87B9D /* Common.swift */; };
		E81C446219FE7794007966E5 /* WordImporterTests.swift in Sources */ = {isa = PBXBuildFile; fileRef = E81C446119FE7794007966E5 /* WordImporterTests.swift */; };
		E81C446419FE77C6007966E5 /* WordSetTests.swift in Sources */ = {isa = PBXBuildFile; fileRef = E81C446319FE77C6007966E5 /* WordSetTests.swift */; };
		E82959131A00108D003575F7 /* AddWordsViewController.swift in Sources */ = {isa = PBXBuildFile; fileRef = E82959121A00108D003575F7 /* AddWordsViewController.swift */; };
		E82DEBFD19F6AA4100EED0A8 /* UserPreferences.swift in Sources */ = {isa = PBXBuildFile; fileRef = E82DEBFC19F6AA4100EED0A8 /* UserPreferences.swift */; };
		E82DEC0519F6B97300EED0A8 /* UsageAnalytics.swift in Sources */ = {isa = PBXBuildFile; fileRef = E82DEC0419F6B97300EED0A8 /* UsageAnalytics.swift */; };
		E839D8D219FE802900D0765E /* WordImporter.swift in Sources */ = {isa = PBXBuildFile; fileRef = E839D8D119FE802900D0765E /* WordImporter.swift */; };
		E841F67219FA868700684DD6 /* WordListViewController.swift in Sources */ = {isa = PBXBuildFile; fileRef = E841F67119FA868700684DD6 /* WordListViewController.swift */; };
		E841F67619FA935800684DD6 /* NSDate+HumanizedTime.m in Sources */ = {isa = PBXBuildFile; fileRef = E841F67419FA935800684DD6 /* NSDate+HumanizedTime.m */; };
		E841F67819FA938400684DD6 /* NSDateHumanizedTime.strings in Resources */ = {isa = PBXBuildFile; fileRef = E841F67719FA938400684DD6 /* NSDateHumanizedTime.strings */; };
		E84794FF1A01C4470065BABE /* LessonsListViewController.swift in Sources */ = {isa = PBXBuildFile; fileRef = E84794FE1A01C4470065BABE /* LessonsListViewController.swift */; };
		E84C8B9C1A12936D00B66B74 /* UIColorExtensions.swift in Sources */ = {isa = PBXBuildFile; fileRef = E84C8B9B1A12936D00B66B74 /* UIColorExtensions.swift */; };
		E84C8BA91A12982600B66B74 /* OpenSans-Bold.ttf in Resources */ = {isa = PBXBuildFile; fileRef = E84C8B9F1A12982600B66B74 /* OpenSans-Bold.ttf */; };
		E84C8BAA1A12982600B66B74 /* OpenSans-BoldItalic.ttf in Resources */ = {isa = PBXBuildFile; fileRef = E84C8BA01A12982600B66B74 /* OpenSans-BoldItalic.ttf */; };
		E84C8BAB1A12982600B66B74 /* OpenSans-ExtraBold.ttf in Resources */ = {isa = PBXBuildFile; fileRef = E84C8BA11A12982600B66B74 /* OpenSans-ExtraBold.ttf */; };
		E84C8BAC1A12982600B66B74 /* OpenSans-ExtraBoldItalic.ttf in Resources */ = {isa = PBXBuildFile; fileRef = E84C8BA21A12982600B66B74 /* OpenSans-ExtraBoldItalic.ttf */; };
		E84C8BAD1A12982600B66B74 /* OpenSans-Italic.ttf in Resources */ = {isa = PBXBuildFile; fileRef = E84C8BA31A12982600B66B74 /* OpenSans-Italic.ttf */; };
		E84C8BAE1A12982600B66B74 /* OpenSans-Light.ttf in Resources */ = {isa = PBXBuildFile; fileRef = E84C8BA41A12982600B66B74 /* OpenSans-Light.ttf */; };
		E84C8BAF1A12982600B66B74 /* OpenSans-LightItalic.ttf in Resources */ = {isa = PBXBuildFile; fileRef = E84C8BA51A12982600B66B74 /* OpenSans-LightItalic.ttf */; };
		E84C8BB01A12982600B66B74 /* OpenSans-Regular.ttf in Resources */ = {isa = PBXBuildFile; fileRef = E84C8BA61A12982600B66B74 /* OpenSans-Regular.ttf */; };
		E84C8BB11A12982600B66B74 /* OpenSans-Semibold.ttf in Resources */ = {isa = PBXBuildFile; fileRef = E84C8BA71A12982600B66B74 /* OpenSans-Semibold.ttf */; };
		E84C8BB21A12982600B66B74 /* OpenSans-SemiboldItalic.ttf in Resources */ = {isa = PBXBuildFile; fileRef = E84C8BA81A12982600B66B74 /* OpenSans-SemiboldItalic.ttf */; };
		E852E8061A1AB0B700DE8540 /* NSErrorExtensions.swift in Sources */ = {isa = PBXBuildFile; fileRef = E852E8051A1AB0B700DE8540 /* NSErrorExtensions.swift */; };
		E858B7EF19BA3D59003C5727 /* StreamReader.swift in Sources */ = {isa = PBXBuildFile; fileRef = E858B7EE19BA3D59003C5727 /* StreamReader.swift */; };
		E85F39C919A6BB670004C80F /* Word.swift in Sources */ = {isa = PBXBuildFile; fileRef = E85F39C819A6BB670004C80F /* Word.swift */; };
		E85F39CC19A6BB670004C80F /* WordSet.swift in Sources */ = {isa = PBXBuildFile; fileRef = E85F39CB19A6BB670004C80F /* WordSet.swift */; };
		E86FF5A11A1BA38C00F71F95 /* WordListHeaderView.xib in Resources */ = {isa = PBXBuildFile; fileRef = E86FF5A01A1BA38C00F71F95 /* WordListHeaderView.xib */; };
		E86FF5A41A1BA8A700F71F95 /* WordListTableHeaderView.swift in Sources */ = {isa = PBXBuildFile; fileRef = E86FF5A31A1BA8A700F71F95 /* WordListTableHeaderView.swift */; };
		E884F1951A1BCBFE0040AA13 /* STCollapseTableView.m in Sources */ = {isa = PBXBuildFile; fileRef = E884F1931A1BCBFE0040AA13 /* STCollapseTableView.m */; };
		E88916D11A04340B002C8F13 /* CoreDataUnitTestBase.swift in Sources */ = {isa = PBXBuildFile; fileRef = E88916D01A04340B002C8F13 /* CoreDataUnitTestBase.swift */; };
		E88916D31A0474AA002C8F13 /* BabyTests.swift in Sources */ = {isa = PBXBuildFile; fileRef = E88916D21A0474AA002C8F13 /* BabyTests.swift */; };
		E88916D51A047BCE002C8F13 /* LessonPlannerTests.swift in Sources */ = {isa = PBXBuildFile; fileRef = E88916D41A047BCE002C8F13 /* LessonPlannerTests.swift */; };
		E88916D71A047CB0002C8F13 /* Baby.swift in Sources */ = {isa = PBXBuildFile; fileRef = E8BF775C19F932DA00F1BF0A /* Baby.swift */; };
		E8A50DDD1A01B7F100756CC8 /* LessonLog.swift in Sources */ = {isa = PBXBuildFile; fileRef = E8A50DDC1A01B7F100756CC8 /* LessonLog.swift */; };
		E8ACF33F1A1827D3005D6740 /* ChildInfoBirthDatePopoverViewController.swift in Sources */ = {isa = PBXBuildFile; fileRef = E8ACF33E1A1827D3005D6740 /* ChildInfoBirthDatePopoverViewController.swift */; };
		E8BA1C2419BA11DB0092974A /* SettingsListViewController.swift in Sources */ = {isa = PBXBuildFile; fileRef = E8BA1C2319BA11DB0092974A /* SettingsListViewController.swift */; };
		E8BFC82D1A155FB7004929EF /* applause-01.mp3 in Resources */ = {isa = PBXBuildFile; fileRef = E8BFC82C1A155FB7004929EF /* applause-01.mp3 */; };
		E8BFC82F1A15635A004929EF /* AVFoundation.framework in Frameworks */ = {isa = PBXBuildFile; fileRef = E8BFC82E1A15635A004929EF /* AVFoundation.framework */; };
		E8BFC8331A165075004929EF /* WordsViewController.swift in Sources */ = {isa = PBXBuildFile; fileRef = E8BFC8321A165075004929EF /* WordsViewController.swift */; };
		E8BFC8351A1650A6004929EF /* SettingsViewController.swift in Sources */ = {isa = PBXBuildFile; fileRef = E8BFC8341A1650A6004929EF /* SettingsViewController.swift */; };
		E8CDE7E9199FD18F0036CFE8 /* AppDelegate.swift in Sources */ = {isa = PBXBuildFile; fileRef = E8CDE7E8199FD18F0036CFE8 /* AppDelegate.swift */; };
		E8CDE7EE199FD18F0036CFE8 /* MainViewController.swift in Sources */ = {isa = PBXBuildFile; fileRef = E8CDE7ED199FD18F0036CFE8 /* MainViewController.swift */; };
		E8CDE7F1199FD18F0036CFE8 /* Main.storyboard in Resources */ = {isa = PBXBuildFile; fileRef = E8CDE7EF199FD18F0036CFE8 /* Main.storyboard */; };
		E8CDE7F3199FD18F0036CFE8 /* Images.xcassets in Resources */ = {isa = PBXBuildFile; fileRef = E8CDE7F2199FD18F0036CFE8 /* Images.xcassets */; };
		E8CDE80919A03AB70036CFE8 /* QuartzCore.framework in Frameworks */ = {isa = PBXBuildFile; fileRef = E8CDE80819A03AB70036CFE8 /* QuartzCore.framework */; };
		E8CEDB5F1A1D13E400BE4ED8 /* LessonsListViewTableViewCells.swift in Sources */ = {isa = PBXBuildFile; fileRef = E8CEDB5E1A1D13E400BE4ED8 /* LessonsListViewTableViewCells.swift */; };
		E8CEDB631A1D347F00BE4ED8 /* LessonsListTableViewHeader.swift in Sources */ = {isa = PBXBuildFile; fileRef = E8CEDB621A1D347F00BE4ED8 /* LessonsListTableViewHeader.swift */; };
		E8CEDB651A1D348C00BE4ED8 /* LessonsListTableHeaderView.xib in Resources */ = {isa = PBXBuildFile; fileRef = E8CEDB641A1D348C00BE4ED8 /* LessonsListTableHeaderView.xib */; };
		E8CEDB6F1A1E423300BE4ED8 /* NotificationViewController.swift in Sources */ = {isa = PBXBuildFile; fileRef = E8CEDB6E1A1E423300BE4ED8 /* NotificationViewController.swift */; };
		E8DB1FBC1A1EA249001B904D /* NotificationsDisplayViewController.swift in Sources */ = {isa = PBXBuildFile; fileRef = E8DB1FB91A1EA249001B904D /* NotificationsDisplayViewController.swift */; };
		E8DB1FBD1A1EA249001B904D /* LittleReader.xcdatamodeld in Sources */ = {isa = PBXBuildFile; fileRef = E8DB1FBA1A1EA249001B904D /* LittleReader.xcdatamodeld */; };
		E8E23E681A042785004764E9 /* LessonsViewController.swift in Sources */ = {isa = PBXBuildFile; fileRef = E818296919F6FCB6007B6DC9 /* LessonsViewController.swift */; };
		E8F4B3351A1E98BB00904C07 /* Notification.swift in Sources */ = {isa = PBXBuildFile; fileRef = E8F4B3341A1E98BB00904C07 /* Notification.swift */; };
		E8F807451A12793E00FC427F /* MenuViewController.swift in Sources */ = {isa = PBXBuildFile; fileRef = E8F807441A12793E00FC427F /* MenuViewController.swift */; };
		E8FBFD441A012B6600087BE2 /* LessonPlanner.swift in Sources */ = {isa = PBXBuildFile; fileRef = E8FBFD431A012B6600087BE2 /* LessonPlanner.swift */; };
		E8FBFD461A01326400087BE2 /* UserPreferences.swift in Sources */ = {isa = PBXBuildFile; fileRef = E82DEBFC19F6AA4100EED0A8 /* UserPreferences.swift */; };
		E8FBFD481A013DD700087BE2 /* NSDateExtensions.swift in Sources */ = {isa = PBXBuildFile; fileRef = E8FBFD471A013DD700087BE2 /* NSDateExtensions.swift */; };
		E8FBFD491A013DD700087BE2 /* NSDateExtensions.swift in Sources */ = {isa = PBXBuildFile; fileRef = E8FBFD471A013DD700087BE2 /* NSDateExtensions.swift */; };
		E8FBFD4B1A013F2500087BE2 /* NSDateExtensionsTests.swift in Sources */ = {isa = PBXBuildFile; fileRef = E8FBFD4A1A013F2500087BE2 /* NSDateExtensionsTests.swift */; };
/* End PBXBuildFile section */

/* Begin PBXContainerItemProxy section */
		E8CDE7F9199FD18F0036CFE8 /* PBXContainerItemProxy */ = {
			isa = PBXContainerItemProxy;
			containerPortal = E8CDE7DB199FD18F0036CFE8 /* Project object */;
			proxyType = 1;
			remoteGlobalIDString = E8CDE7E2199FD18F0036CFE8;
			remoteInfo = LittleReader;
		};
/* End PBXContainerItemProxy section */

/* Begin PBXFileReference section */
		1C0E0ABED882B3827F12E8C3 /* libPods-LittleReader.a */ = {isa = PBXFileReference; explicitFileType = archive.ar; includeInIndex = 0; path = "libPods-LittleReader.a"; sourceTree = BUILT_PRODUCTS_DIR; };
		65B18C27B6BB5D1AFA55EB4B /* Pods-LittleReader.debug.xcconfig */ = {isa = PBXFileReference; includeInIndex = 1; lastKnownFileType = text.xcconfig; name = "Pods-LittleReader.debug.xcconfig"; path = "Pods/Target Support Files/Pods-LittleReader/Pods-LittleReader.debug.xcconfig"; sourceTree = "<group>"; };
		7CC091EE20004461E4B06612 /* libPods.a */ = {isa = PBXFileReference; explicitFileType = archive.ar; includeInIndex = 0; path = libPods.a; sourceTree = BUILT_PRODUCTS_DIR; };
		C20539EBE83920ACA862BCA4 /* Pods-LittleReader.release.xcconfig */ = {isa = PBXFileReference; includeInIndex = 1; lastKnownFileType = text.xcconfig; name = "Pods-LittleReader.release.xcconfig"; path = "Pods/Target Support Files/Pods-LittleReader/Pods-LittleReader.release.xcconfig"; sourceTree = "<group>"; };
		DD3CC555AE2AE49B8D2EB1B6 /* Pods-LittleReaderTests.release.xcconfig */ = {isa = PBXFileReference; includeInIndex = 1; lastKnownFileType = text.xcconfig; name = "Pods-LittleReaderTests.release.xcconfig"; path = "Pods/Target Support Files/Pods-LittleReaderTests/Pods-LittleReaderTests.release.xcconfig"; sourceTree = "<group>"; };
		E816042C19FAE05200B87B9D /* Common.swift */ = {isa = PBXFileReference; fileEncoding = 4; lastKnownFileType = sourcecode.swift; path = Common.swift; sourceTree = "<group>"; };
		E818296419F6F04A007B6DC9 /* Localizable.strings */ = {isa = PBXFileReference; fileEncoding = 4; lastKnownFileType = text.plist.strings; path = Localizable.strings; sourceTree = "<group>"; };
		E818296919F6FCB6007B6DC9 /* LessonsViewController.swift */ = {isa = PBXFileReference; fileEncoding = 4; lastKnownFileType = sourcecode.swift; path = LessonsViewController.swift; sourceTree = "<group>"; };
		E818296B19F6FE87007B6DC9 /* LessonViewController.swift */ = {isa = PBXFileReference; fileEncoding = 4; lastKnownFileType = sourcecode.swift; path = LessonViewController.swift; sourceTree = "<group>"; };
		E81846CF19F94B580012EAAF /* ChildInfoViewController.swift */ = {isa = PBXFileReference; fileEncoding = 4; lastKnownFileType = sourcecode.swift; path = ChildInfoViewController.swift; sourceTree = "<group>"; };
		E81846D119F9503D0012EAAF /* MangedObjectContextHolder.swift */ = {isa = PBXFileReference; fileEncoding = 4; lastKnownFileType = sourcecode.swift; path = MangedObjectContextHolder.swift; sourceTree = "<group>"; };
		E81846D319F961870012EAAF /* UIAlertExtensions.swift */ = {isa = PBXFileReference; fileEncoding = 4; lastKnownFileType = sourcecode.swift; path = UIAlertExtensions.swift; sourceTree = "<group>"; };
		E81C446119FE7794007966E5 /* WordImporterTests.swift */ = {isa = PBXFileReference; fileEncoding = 4; lastKnownFileType = sourcecode.swift; name = WordImporterTests.swift; path = ../LittleReader/WordImporterTests.swift; sourceTree = "<group>"; };
		E81C446319FE77C6007966E5 /* WordSetTests.swift */ = {isa = PBXFileReference; fileEncoding = 4; lastKnownFileType = sourcecode.swift; path = WordSetTests.swift; sourceTree = "<group>"; };
		E82959121A00108D003575F7 /* AddWordsViewController.swift */ = {isa = PBXFileReference; fileEncoding = 4; lastKnownFileType = sourcecode.swift; path = AddWordsViewController.swift; sourceTree = "<group>"; };
		E82DEBFC19F6AA4100EED0A8 /* UserPreferences.swift */ = {isa = PBXFileReference; fileEncoding = 4; lastKnownFileType = sourcecode.swift; path = UserPreferences.swift; sourceTree = "<group>"; };
		E82DEC0419F6B97300EED0A8 /* UsageAnalytics.swift */ = {isa = PBXFileReference; fileEncoding = 4; lastKnownFileType = sourcecode.swift; path = UsageAnalytics.swift; sourceTree = "<group>"; };
		E839D8D119FE802900D0765E /* WordImporter.swift */ = {isa = PBXFileReference; fileEncoding = 4; lastKnownFileType = sourcecode.swift; path = WordImporter.swift; sourceTree = "<group>"; };
		E841F67119FA868700684DD6 /* WordListViewController.swift */ = {isa = PBXFileReference; fileEncoding = 4; lastKnownFileType = sourcecode.swift; path = WordListViewController.swift; sourceTree = "<group>"; };
		E841F67419FA935800684DD6 /* NSDate+HumanizedTime.m */ = {isa = PBXFileReference; fileEncoding = 4; lastKnownFileType = sourcecode.c.objc; path = "NSDate+HumanizedTime.m"; sourceTree = "<group>"; };
		E841F67519FA935800684DD6 /* NSDate+HumanizedTime.h */ = {isa = PBXFileReference; fileEncoding = 4; lastKnownFileType = sourcecode.c.h; path = "NSDate+HumanizedTime.h"; sourceTree = "<group>"; };
		E841F67719FA938400684DD6 /* NSDateHumanizedTime.strings */ = {isa = PBXFileReference; fileEncoding = 4; lastKnownFileType = text.plist.strings; path = NSDateHumanizedTime.strings; sourceTree = "<group>"; };
		E841F67919FA93CB00684DD6 /* ObjCBridging.h */ = {isa = PBXFileReference; fileEncoding = 4; lastKnownFileType = sourcecode.c.h; path = ObjCBridging.h; sourceTree = "<group>"; };
		E84794FE1A01C4470065BABE /* LessonsListViewController.swift */ = {isa = PBXFileReference; fileEncoding = 4; lastKnownFileType = sourcecode.swift; path = LessonsListViewController.swift; sourceTree = "<group>"; };
		E84C8B9B1A12936D00B66B74 /* UIColorExtensions.swift */ = {isa = PBXFileReference; fileEncoding = 4; lastKnownFileType = sourcecode.swift; path = UIColorExtensions.swift; sourceTree = "<group>"; };
		E84C8B9F1A12982600B66B74 /* OpenSans-Bold.ttf */ = {isa = PBXFileReference; lastKnownFileType = file; path = "OpenSans-Bold.ttf"; sourceTree = "<group>"; };
		E84C8BA01A12982600B66B74 /* OpenSans-BoldItalic.ttf */ = {isa = PBXFileReference; lastKnownFileType = file; path = "OpenSans-BoldItalic.ttf"; sourceTree = "<group>"; };
		E84C8BA11A12982600B66B74 /* OpenSans-ExtraBold.ttf */ = {isa = PBXFileReference; lastKnownFileType = file; path = "OpenSans-ExtraBold.ttf"; sourceTree = "<group>"; };
		E84C8BA21A12982600B66B74 /* OpenSans-ExtraBoldItalic.ttf */ = {isa = PBXFileReference; lastKnownFileType = file; path = "OpenSans-ExtraBoldItalic.ttf"; sourceTree = "<group>"; };
		E84C8BA31A12982600B66B74 /* OpenSans-Italic.ttf */ = {isa = PBXFileReference; lastKnownFileType = file; path = "OpenSans-Italic.ttf"; sourceTree = "<group>"; };
		E84C8BA41A12982600B66B74 /* OpenSans-Light.ttf */ = {isa = PBXFileReference; lastKnownFileType = file; path = "OpenSans-Light.ttf"; sourceTree = "<group>"; };
		E84C8BA51A12982600B66B74 /* OpenSans-LightItalic.ttf */ = {isa = PBXFileReference; lastKnownFileType = file; path = "OpenSans-LightItalic.ttf"; sourceTree = "<group>"; };
		E84C8BA61A12982600B66B74 /* OpenSans-Regular.ttf */ = {isa = PBXFileReference; lastKnownFileType = file; path = "OpenSans-Regular.ttf"; sourceTree = "<group>"; };
		E84C8BA71A12982600B66B74 /* OpenSans-Semibold.ttf */ = {isa = PBXFileReference; lastKnownFileType = file; path = "OpenSans-Semibold.ttf"; sourceTree = "<group>"; };
		E84C8BA81A12982600B66B74 /* OpenSans-SemiboldItalic.ttf */ = {isa = PBXFileReference; lastKnownFileType = file; path = "OpenSans-SemiboldItalic.ttf"; sourceTree = "<group>"; };
		E852E8051A1AB0B700DE8540 /* NSErrorExtensions.swift */ = {isa = PBXFileReference; fileEncoding = 4; lastKnownFileType = sourcecode.swift; path = NSErrorExtensions.swift; sourceTree = "<group>"; };
		E858B7EE19BA3D59003C5727 /* StreamReader.swift */ = {isa = PBXFileReference; fileEncoding = 4; lastKnownFileType = sourcecode.swift; path = StreamReader.swift; sourceTree = "<group>"; };
		E85F39C819A6BB670004C80F /* Word.swift */ = {isa = PBXFileReference; fileEncoding = 4; lastKnownFileType = sourcecode.swift; path = Word.swift; sourceTree = "<group>"; };
		E85F39CB19A6BB670004C80F /* WordSet.swift */ = {isa = PBXFileReference; fileEncoding = 4; lastKnownFileType = sourcecode.swift; path = WordSet.swift; sourceTree = "<group>"; };
		E86FF5A01A1BA38C00F71F95 /* WordListHeaderView.xib */ = {isa = PBXFileReference; fileEncoding = 4; lastKnownFileType = file.xib; path = WordListHeaderView.xib; sourceTree = "<group>"; };
		E86FF5A31A1BA8A700F71F95 /* WordListTableHeaderView.swift */ = {isa = PBXFileReference; fileEncoding = 4; lastKnownFileType = sourcecode.swift; path = WordListTableHeaderView.swift; sourceTree = "<group>"; };
		E884F1931A1BCBFE0040AA13 /* STCollapseTableView.m */ = {isa = PBXFileReference; fileEncoding = 4; lastKnownFileType = sourcecode.c.objc; path = STCollapseTableView.m; sourceTree = "<group>"; };
		E884F1941A1BCBFE0040AA13 /* STCollapseTableView.h */ = {isa = PBXFileReference; fileEncoding = 4; lastKnownFileType = sourcecode.c.h; path = STCollapseTableView.h; sourceTree = "<group>"; };
		E88916D01A04340B002C8F13 /* CoreDataUnitTestBase.swift */ = {isa = PBXFileReference; fileEncoding = 4; lastKnownFileType = sourcecode.swift; path = CoreDataUnitTestBase.swift; sourceTree = "<group>"; };
		E88916D21A0474AA002C8F13 /* BabyTests.swift */ = {isa = PBXFileReference; fileEncoding = 4; lastKnownFileType = sourcecode.swift; path = BabyTests.swift; sourceTree = "<group>"; };
		E88916D41A047BCE002C8F13 /* LessonPlannerTests.swift */ = {isa = PBXFileReference; fileEncoding = 4; lastKnownFileType = sourcecode.swift; path = LessonPlannerTests.swift; sourceTree = "<group>"; };
		E8A50DDC1A01B7F100756CC8 /* LessonLog.swift */ = {isa = PBXFileReference; fileEncoding = 4; lastKnownFileType = sourcecode.swift; path = LessonLog.swift; sourceTree = "<group>"; };
		E8ACF33E1A1827D3005D6740 /* ChildInfoBirthDatePopoverViewController.swift */ = {isa = PBXFileReference; fileEncoding = 4; lastKnownFileType = sourcecode.swift; path = ChildInfoBirthDatePopoverViewController.swift; sourceTree = "<group>"; };
		E8BA1C2319BA11DB0092974A /* SettingsListViewController.swift */ = {isa = PBXFileReference; fileEncoding = 4; lastKnownFileType = sourcecode.swift; path = SettingsListViewController.swift; sourceTree = "<group>"; };
		E8BF775C19F932DA00F1BF0A /* Baby.swift */ = {isa = PBXFileReference; fileEncoding = 4; lastKnownFileType = sourcecode.swift; path = Baby.swift; sourceTree = "<group>"; };
		E8BFC82C1A155FB7004929EF /* applause-01.mp3 */ = {isa = PBXFileReference; lastKnownFileType = audio.mp3; path = "applause-01.mp3"; sourceTree = "<group>"; };
		E8BFC82E1A15635A004929EF /* AVFoundation.framework */ = {isa = PBXFileReference; lastKnownFileType = wrapper.framework; name = AVFoundation.framework; path = System/Library/Frameworks/AVFoundation.framework; sourceTree = SDKROOT; };
		E8BFC8321A165075004929EF /* WordsViewController.swift */ = {isa = PBXFileReference; fileEncoding = 4; lastKnownFileType = sourcecode.swift; path = WordsViewController.swift; sourceTree = "<group>"; };
		E8BFC8341A1650A6004929EF /* SettingsViewController.swift */ = {isa = PBXFileReference; fileEncoding = 4; lastKnownFileType = sourcecode.swift; path = SettingsViewController.swift; sourceTree = "<group>"; };
		E8CDE7E3199FD18F0036CFE8 /* LittleReader.app */ = {isa = PBXFileReference; explicitFileType = wrapper.application; includeInIndex = 0; path = LittleReader.app; sourceTree = BUILT_PRODUCTS_DIR; };
		E8CDE7E7199FD18F0036CFE8 /* Info.plist */ = {isa = PBXFileReference; lastKnownFileType = text.plist.xml; path = Info.plist; sourceTree = "<group>"; };
		E8CDE7E8199FD18F0036CFE8 /* AppDelegate.swift */ = {isa = PBXFileReference; lastKnownFileType = sourcecode.swift; path = AppDelegate.swift; sourceTree = "<group>"; };
		E8CDE7ED199FD18F0036CFE8 /* MainViewController.swift */ = {isa = PBXFileReference; lastKnownFileType = sourcecode.swift; path = MainViewController.swift; sourceTree = "<group>"; };
		E8CDE7F0199FD18F0036CFE8 /* Base */ = {isa = PBXFileReference; lastKnownFileType = file.storyboard; name = Base; path = Base.lproj/Main.storyboard; sourceTree = "<group>"; };
		E8CDE7F2199FD18F0036CFE8 /* Images.xcassets */ = {isa = PBXFileReference; lastKnownFileType = folder.assetcatalog; path = Images.xcassets; sourceTree = "<group>"; };
		E8CDE7F8199FD18F0036CFE8 /* LittleReaderTests.xctest */ = {isa = PBXFileReference; explicitFileType = wrapper.cfbundle; includeInIndex = 0; path = LittleReaderTests.xctest; sourceTree = BUILT_PRODUCTS_DIR; };
		E8CDE7FD199FD18F0036CFE8 /* Info.plist */ = {isa = PBXFileReference; lastKnownFileType = text.plist.xml; path = Info.plist; sourceTree = "<group>"; };
		E8CDE80819A03AB70036CFE8 /* QuartzCore.framework */ = {isa = PBXFileReference; lastKnownFileType = wrapper.framework; name = QuartzCore.framework; path = System/Library/Frameworks/QuartzCore.framework; sourceTree = SDKROOT; };
		E8CEDB5E1A1D13E400BE4ED8 /* LessonsListViewTableViewCells.swift */ = {isa = PBXFileReference; fileEncoding = 4; lastKnownFileType = sourcecode.swift; path = LessonsListViewTableViewCells.swift; sourceTree = "<group>"; };
		E8CEDB621A1D347F00BE4ED8 /* LessonsListTableViewHeader.swift */ = {isa = PBXFileReference; fileEncoding = 4; lastKnownFileType = sourcecode.swift; path = LessonsListTableViewHeader.swift; sourceTree = "<group>"; };
		E8CEDB641A1D348C00BE4ED8 /* LessonsListTableHeaderView.xib */ = {isa = PBXFileReference; fileEncoding = 4; lastKnownFileType = file.xib; path = LessonsListTableHeaderView.xib; sourceTree = "<group>"; };
		E8CEDB6E1A1E423300BE4ED8 /* NotificationViewController.swift */ = {isa = PBXFileReference; fileEncoding = 4; lastKnownFileType = sourcecode.swift; path = NotificationViewController.swift; sourceTree = "<group>"; };
		E8DB1FB91A1EA249001B904D /* NotificationsDisplayViewController.swift */ = {isa = PBXFileReference; fileEncoding = 4; lastKnownFileType = sourcecode.swift; path = NotificationsDisplayViewController.swift; sourceTree = "<group>"; };
		E8DB1FBB1A1EA249001B904D /* LittleReader.xcdatamodel */ = {isa = PBXFileReference; lastKnownFileType = wrapper.xcdatamodel; path = LittleReader.xcdatamodel; sourceTree = "<group>"; };
		E8F4B3341A1E98BB00904C07 /* Notification.swift */ = {isa = PBXFileReference; fileEncoding = 4; lastKnownFileType = sourcecode.swift; path = Notification.swift; sourceTree = "<group>"; };
		E8F807441A12793E00FC427F /* MenuViewController.swift */ = {isa = PBXFileReference; fileEncoding = 4; lastKnownFileType = sourcecode.swift; path = MenuViewController.swift; sourceTree = "<group>"; };
		E8FBFD431A012B6600087BE2 /* LessonPlanner.swift */ = {isa = PBXFileReference; fileEncoding = 4; lastKnownFileType = sourcecode.swift; path = LessonPlanner.swift; sourceTree = "<group>"; };
		E8FBFD471A013DD700087BE2 /* NSDateExtensions.swift */ = {isa = PBXFileReference; fileEncoding = 4; lastKnownFileType = sourcecode.swift; path = NSDateExtensions.swift; sourceTree = "<group>"; };
		E8FBFD4A1A013F2500087BE2 /* NSDateExtensionsTests.swift */ = {isa = PBXFileReference; fileEncoding = 4; lastKnownFileType = sourcecode.swift; path = NSDateExtensionsTests.swift; sourceTree = "<group>"; };
		F3EC5D2E2DA1EF2F907A90A7 /* Pods-LittleReaderTests.debug.xcconfig */ = {isa = PBXFileReference; includeInIndex = 1; lastKnownFileType = text.xcconfig; name = "Pods-LittleReaderTests.debug.xcconfig"; path = "Pods/Target Support Files/Pods-LittleReaderTests/Pods-LittleReaderTests.debug.xcconfig"; sourceTree = "<group>"; };
		F75A3AF90334BFB8AA231CFD /* libPods-LittleReaderTests.a */ = {isa = PBXFileReference; explicitFileType = archive.ar; includeInIndex = 0; path = "libPods-LittleReaderTests.a"; sourceTree = BUILT_PRODUCTS_DIR; };
/* End PBXFileReference section */

/* Begin PBXFrameworksBuildPhase section */
		E8CDE7E0199FD18F0036CFE8 /* Frameworks */ = {
			isa = PBXFrameworksBuildPhase;
			buildActionMask = 2147483647;
			files = (
				E8BFC82F1A15635A004929EF /* AVFoundation.framework in Frameworks */,
				E8CDE80919A03AB70036CFE8 /* QuartzCore.framework in Frameworks */,
				5BAE3A455E78855364CAB419 /* libPods-LittleReader.a in Frameworks */,
			);
			runOnlyForDeploymentPostprocessing = 0;
		};
		E8CDE7F5199FD18F0036CFE8 /* Frameworks */ = {
			isa = PBXFrameworksBuildPhase;
			buildActionMask = 2147483647;
			files = (
				CFD30BC5342284A28BFBA750 /* libPods-LittleReaderTests.a in Frameworks */,
			);
			runOnlyForDeploymentPostprocessing = 0;
		};
/* End PBXFrameworksBuildPhase section */

/* Begin PBXGroup section */
		5ECBECF1E934ED75E0CD0204 /* Pods */ = {
			isa = PBXGroup;
			children = (
				F3EC5D2E2DA1EF2F907A90A7 /* Pods-LittleReaderTests.debug.xcconfig */,
				DD3CC555AE2AE49B8D2EB1B6 /* Pods-LittleReaderTests.release.xcconfig */,
				65B18C27B6BB5D1AFA55EB4B /* Pods-LittleReader.debug.xcconfig */,
				C20539EBE83920ACA862BCA4 /* Pods-LittleReader.release.xcconfig */,
			);
			name = Pods;
			sourceTree = "<group>";
		};
		68F75CCEB618874D9AC95EDC /* Frameworks */ = {
			isa = PBXGroup;
			children = (
				E8BFC82E1A15635A004929EF /* AVFoundation.framework */,
				7CC091EE20004461E4B06612 /* libPods.a */,
				1C0E0ABED882B3827F12E8C3 /* libPods-LittleReader.a */,
				F75A3AF90334BFB8AA231CFD /* libPods-LittleReaderTests.a */,
			);
			name = Frameworks;
			sourceTree = "<group>";
		};
		E841F67319FA92AC00684DD6 /* Third Party ObjC */ = {
			isa = PBXGroup;
			children = (
				E884F1931A1BCBFE0040AA13 /* STCollapseTableView.m */,
				E884F1941A1BCBFE0040AA13 /* STCollapseTableView.h */,
				E841F67719FA938400684DD6 /* NSDateHumanizedTime.strings */,
				E841F67419FA935800684DD6 /* NSDate+HumanizedTime.m */,
				E841F67519FA935800684DD6 /* NSDate+HumanizedTime.h */,
			);
			name = "Third Party ObjC";
			sourceTree = "<group>";
		};
		E84C8B9D1A12980900B66B74 /* Resources */ = {
			isa = PBXGroup;
			children = (
				E8BFC82C1A155FB7004929EF /* applause-01.mp3 */,
				E84C8B9E1A12982600B66B74 /* fonts */,
			);
			name = Resources;
			sourceTree = "<group>";
		};
		E84C8B9E1A12982600B66B74 /* fonts */ = {
			isa = PBXGroup;
			children = (
				E84C8B9F1A12982600B66B74 /* OpenSans-Bold.ttf */,
				E84C8BA01A12982600B66B74 /* OpenSans-BoldItalic.ttf */,
				E84C8BA11A12982600B66B74 /* OpenSans-ExtraBold.ttf */,
				E84C8BA21A12982600B66B74 /* OpenSans-ExtraBoldItalic.ttf */,
				E84C8BA31A12982600B66B74 /* OpenSans-Italic.ttf */,
				E84C8BA41A12982600B66B74 /* OpenSans-Light.ttf */,
				E84C8BA51A12982600B66B74 /* OpenSans-LightItalic.ttf */,
				E84C8BA61A12982600B66B74 /* OpenSans-Regular.ttf */,
				E84C8BA71A12982600B66B74 /* OpenSans-Semibold.ttf */,
				E84C8BA81A12982600B66B74 /* OpenSans-SemiboldItalic.ttf */,
			);
			path = fonts;
			sourceTree = "<group>";
		};
		E858B7ED19BA3D3A003C5727 /* Util */ = {
			isa = PBXGroup;
			children = (
				E858B7EE19BA3D59003C5727 /* StreamReader.swift */,
				E82DEBFC19F6AA4100EED0A8 /* UserPreferences.swift */,
				E82DEC0419F6B97300EED0A8 /* UsageAnalytics.swift */,
				E81846D319F961870012EAAF /* UIAlertExtensions.swift */,
				E8FBFD471A013DD700087BE2 /* NSDateExtensions.swift */,
				E852E8051A1AB0B700DE8540 /* NSErrorExtensions.swift */,
				E84C8B9B1A12936D00B66B74 /* UIColorExtensions.swift */,
			);
			name = Util;
			sourceTree = "<group>";
		};
		E85F39AE19A695500004C80F /* Model */ = {
			isa = PBXGroup;
			children = (
				E8F4B3341A1E98BB00904C07 /* Notification.swift */,
				E8A50DDC1A01B7F100756CC8 /* LessonLog.swift */,
				E85F39CB19A6BB670004C80F /* WordSet.swift */,
				E85F39C819A6BB670004C80F /* Word.swift */,
				E8BF775C19F932DA00F1BF0A /* Baby.swift */,
			);
			name = Model;
			sourceTree = "<group>";
		};
		E85F39AF19A695610004C80F /* ViewController */ = {
			isa = PBXGroup;
			children = (
				E8CDE7ED199FD18F0036CFE8 /* MainViewController.swift */,
				E8F807441A12793E00FC427F /* MenuViewController.swift */,
				E818296B19F6FE87007B6DC9 /* LessonViewController.swift */,
				E818296919F6FCB6007B6DC9 /* LessonsViewController.swift */,
				E84794FE1A01C4470065BABE /* LessonsListViewController.swift */,
				E8BA1C2319BA11DB0092974A /* SettingsListViewController.swift */,
				E8BFC8341A1650A6004929EF /* SettingsViewController.swift */,
				E81846CF19F94B580012EAAF /* ChildInfoViewController.swift */,
				E8ACF33E1A1827D3005D6740 /* ChildInfoBirthDatePopoverViewController.swift */,
				E8BFC8321A165075004929EF /* WordsViewController.swift */,
				E841F67119FA868700684DD6 /* WordListViewController.swift */,
				E81846D119F9503D0012EAAF /* MangedObjectContextHolder.swift */,
				E82959121A00108D003575F7 /* AddWordsViewController.swift */,
				E8DB1FB91A1EA249001B904D /* NotificationsDisplayViewController.swift */,
				E8CEDB6E1A1E423300BE4ED8 /* NotificationViewController.swift */,
			);
			name = ViewController;
			sourceTree = "<group>";
		};
		E86FF5A21A1BA87100F71F95 /* CustomViews */ = {
			isa = PBXGroup;
			children = (
				E8CEDB641A1D348C00BE4ED8 /* LessonsListTableHeaderView.xib */,
				E86FF5A01A1BA38C00F71F95 /* WordListHeaderView.xib */,
				E8CEDB621A1D347F00BE4ED8 /* LessonsListTableViewHeader.swift */,
				E86FF5A31A1BA8A700F71F95 /* WordListTableHeaderView.swift */,
				E8CEDB5E1A1D13E400BE4ED8 /* LessonsListViewTableViewCells.swift */,
			);
			name = CustomViews;
			sourceTree = "<group>";
		};
		E8CDE7DA199FD18F0036CFE8 = {
			isa = PBXGroup;
			children = (
				E8CDE80819A03AB70036CFE8 /* QuartzCore.framework */,
				E8CDE7E5199FD18F0036CFE8 /* LittleReader */,
				E8CDE7FB199FD18F0036CFE8 /* LittleReaderTests */,
				E8CDE7E4199FD18F0036CFE8 /* Products */,
				5ECBECF1E934ED75E0CD0204 /* Pods */,
				68F75CCEB618874D9AC95EDC /* Frameworks */,
			);
			sourceTree = "<group>";
		};
		E8CDE7E4199FD18F0036CFE8 /* Products */ = {
			isa = PBXGroup;
			children = (
				E8CDE7E3199FD18F0036CFE8 /* LittleReader.app */,
				E8CDE7F8199FD18F0036CFE8 /* LittleReaderTests.xctest */,
			);
			name = Products;
			sourceTree = "<group>";
		};
		E8CDE7E5199FD18F0036CFE8 /* LittleReader */ = {
			isa = PBXGroup;
			children = (
				E8CDE7EF199FD18F0036CFE8 /* Main.storyboard */,
				E8CDE7E8199FD18F0036CFE8 /* AppDelegate.swift */,
				E816042C19FAE05200B87B9D /* Common.swift */,
				E841F67919FA93CB00684DD6 /* ObjCBridging.h */,
				E86FF5A21A1BA87100F71F95 /* CustomViews */,
				E85F39AF19A695610004C80F /* ViewController */,
				E8FBFD421A012B3300087BE2 /* Logic */,
				E85F39AE19A695500004C80F /* Model */,
				E858B7ED19BA3D3A003C5727 /* Util */,
				E841F67319FA92AC00684DD6 /* Third Party ObjC */,
				E8DB1FBA1A1EA249001B904D /* LittleReader.xcdatamodeld */,
				E8CDE7F2199FD18F0036CFE8 /* Images.xcassets */,
				E84C8B9D1A12980900B66B74 /* Resources */,
				E8CDE7E6199FD18F0036CFE8 /* Supporting Files */,
				E818296419F6F04A007B6DC9 /* Localizable.strings */,
			);
			path = LittleReader;
			sourceTree = "<group>";
		};
		E8CDE7E6199FD18F0036CFE8 /* Supporting Files */ = {
			isa = PBXGroup;
			children = (
				E8CDE7E7199FD18F0036CFE8 /* Info.plist */,
			);
			name = "Supporting Files";
			sourceTree = "<group>";
		};
		E8CDE7FB199FD18F0036CFE8 /* LittleReaderTests */ = {
			isa = PBXGroup;
			children = (
				E88916D01A04340B002C8F13 /* CoreDataUnitTestBase.swift */,
				E81C446319FE77C6007966E5 /* WordSetTests.swift */,
				E88916D21A0474AA002C8F13 /* BabyTests.swift */,
				E8FBFD4A1A013F2500087BE2 /* NSDateExtensionsTests.swift */,
				E81C446119FE7794007966E5 /* WordImporterTests.swift */,
				E88916D41A047BCE002C8F13 /* LessonPlannerTests.swift */,
				E8CDE7FC199FD18F0036CFE8 /* Supporting Files */,
			);
			path = LittleReaderTests;
			sourceTree = "<group>";
		};
		E8CDE7FC199FD18F0036CFE8 /* Supporting Files */ = {
			isa = PBXGroup;
			children = (
				E8CDE7FD199FD18F0036CFE8 /* Info.plist */,
			);
			name = "Supporting Files";
			sourceTree = "<group>";
		};
		E8FBFD421A012B3300087BE2 /* Logic */ = {
			isa = PBXGroup;
			children = (
				E839D8D119FE802900D0765E /* WordImporter.swift */,
				E8FBFD431A012B6600087BE2 /* LessonPlanner.swift */,
			);
			name = Logic;
			sourceTree = "<group>";
		};
/* End PBXGroup section */

/* Begin PBXNativeTarget section */
		E8CDE7E2199FD18F0036CFE8 /* LittleReader */ = {
			isa = PBXNativeTarget;
			buildConfigurationList = E8CDE802199FD18F0036CFE8 /* Build configuration list for PBXNativeTarget "LittleReader" */;
			buildPhases = (
				A39C79402990DC42B6D9B5C8 /* Check Pods Manifest.lock */,
				E8CDE7DF199FD18F0036CFE8 /* Sources */,
				E8CDE7E0199FD18F0036CFE8 /* Frameworks */,
				E8CDE7E1199FD18F0036CFE8 /* Resources */,
				EB3ECA10D59DA118CC270ADE /* Copy Pods Resources */,
			);
			buildRules = (
			);
			dependencies = (
			);
			name = LittleReader;
			productName = LittleReader;
			productReference = E8CDE7E3199FD18F0036CFE8 /* LittleReader.app */;
			productType = "com.apple.product-type.application";
		};
		E8CDE7F7199FD18F0036CFE8 /* LittleReaderTests */ = {
			isa = PBXNativeTarget;
			buildConfigurationList = E8CDE805199FD18F0036CFE8 /* Build configuration list for PBXNativeTarget "LittleReaderTests" */;
			buildPhases = (
				85178010D3C9D9663D4B97EE /* Check Pods Manifest.lock */,
				E8CDE7F4199FD18F0036CFE8 /* Sources */,
				E8CDE7F5199FD18F0036CFE8 /* Frameworks */,
				E8CDE7F6199FD18F0036CFE8 /* Resources */,
				88DACB4D55027607903802B4 /* Copy Pods Resources */,
			);
			buildRules = (
			);
			dependencies = (
				E8CDE7FA199FD18F0036CFE8 /* PBXTargetDependency */,
			);
			name = LittleReaderTests;
			productName = LittleReaderTests;
			productReference = E8CDE7F8199FD18F0036CFE8 /* LittleReaderTests.xctest */;
			productType = "com.apple.product-type.bundle.unit-test";
		};
/* End PBXNativeTarget section */

/* Begin PBXProject section */
		E8CDE7DB199FD18F0036CFE8 /* Project object */ = {
			isa = PBXProject;
			attributes = {
				LastUpgradeCheck = 0600;
				ORGANIZATIONNAME = "Nathan Pahucki";
				TargetAttributes = {
					E8CDE7E2199FD18F0036CFE8 = {
						CreatedOnToolsVersion = 6.0;
						DevelopmentTeam = 7F4YJQGJ9E;
					};
					E8CDE7F7199FD18F0036CFE8 = {
						CreatedOnToolsVersion = 6.0;
						TestTargetID = E8CDE7E2199FD18F0036CFE8;
					};
				};
			};
			buildConfigurationList = E8CDE7DE199FD18F0036CFE8 /* Build configuration list for PBXProject "LittleReader" */;
			compatibilityVersion = "Xcode 3.2";
			developmentRegion = English;
			hasScannedForEncodings = 0;
			knownRegions = (
				en,
				Base,
			);
			mainGroup = E8CDE7DA199FD18F0036CFE8;
			productRefGroup = E8CDE7E4199FD18F0036CFE8 /* Products */;
			projectDirPath = "";
			projectRoot = "";
			targets = (
				E8CDE7E2199FD18F0036CFE8 /* LittleReader */,
				E8CDE7F7199FD18F0036CFE8 /* LittleReaderTests */,
			);
		};
/* End PBXProject section */

/* Begin PBXResourcesBuildPhase section */
		E8CDE7E1199FD18F0036CFE8 /* Resources */ = {
			isa = PBXResourcesBuildPhase;
			buildActionMask = 2147483647;
			files = (
				E84C8BAD1A12982600B66B74 /* OpenSans-Italic.ttf in Resources */,
				E84C8BAA1A12982600B66B74 /* OpenSans-BoldItalic.ttf in Resources */,
				E8CDE7F1199FD18F0036CFE8 /* Main.storyboard in Resources */,
				E86FF5A11A1BA38C00F71F95 /* WordListHeaderView.xib in Resources */,
				E84C8BB11A12982600B66B74 /* OpenSans-Semibold.ttf in Resources */,
				E84C8BAB1A12982600B66B74 /* OpenSans-ExtraBold.ttf in Resources */,
				E818296519F6F04A007B6DC9 /* Localizable.strings in Resources */,
				E84C8BAF1A12982600B66B74 /* OpenSans-LightItalic.ttf in Resources */,
				E8CEDB651A1D348C00BE4ED8 /* LessonsListTableHeaderView.xib in Resources */,
				E841F67819FA938400684DD6 /* NSDateHumanizedTime.strings in Resources */,
				E84C8BA91A12982600B66B74 /* OpenSans-Bold.ttf in Resources */,
				E8CDE7F3199FD18F0036CFE8 /* Images.xcassets in Resources */,
				E8BFC82D1A155FB7004929EF /* applause-01.mp3 in Resources */,
				E84C8BB21A12982600B66B74 /* OpenSans-SemiboldItalic.ttf in Resources */,
				E84C8BAE1A12982600B66B74 /* OpenSans-Light.ttf in Resources */,
				E84C8BB01A12982600B66B74 /* OpenSans-Regular.ttf in Resources */,
				E84C8BAC1A12982600B66B74 /* OpenSans-ExtraBoldItalic.ttf in Resources */,
			);
			runOnlyForDeploymentPostprocessing = 0;
		};
		E8CDE7F6199FD18F0036CFE8 /* Resources */ = {
			isa = PBXResourcesBuildPhase;
			buildActionMask = 2147483647;
			files = (
			);
			runOnlyForDeploymentPostprocessing = 0;
		};
/* End PBXResourcesBuildPhase section */

/* Begin PBXShellScriptBuildPhase section */
		85178010D3C9D9663D4B97EE /* Check Pods Manifest.lock */ = {
			isa = PBXShellScriptBuildPhase;
			buildActionMask = 2147483647;
			files = (
			);
			inputPaths = (
			);
			name = "Check Pods Manifest.lock";
			outputPaths = (
			);
			runOnlyForDeploymentPostprocessing = 0;
			shellPath = /bin/sh;
			shellScript = "diff \"${PODS_ROOT}/../Podfile.lock\" \"${PODS_ROOT}/Manifest.lock\" > /dev/null\nif [[ $? != 0 ]] ; then\n    cat << EOM\nerror: The sandbox is not in sync with the Podfile.lock. Run 'pod install' or update your CocoaPods installation.\nEOM\n    exit 1\nfi\n";
			showEnvVarsInLog = 0;
		};
		88DACB4D55027607903802B4 /* Copy Pods Resources */ = {
			isa = PBXShellScriptBuildPhase;
			buildActionMask = 2147483647;
			files = (
			);
			inputPaths = (
			);
			name = "Copy Pods Resources";
			outputPaths = (
			);
			runOnlyForDeploymentPostprocessing = 0;
			shellPath = /bin/sh;
			shellScript = "\"${SRCROOT}/Pods/Target Support Files/Pods-LittleReaderTests/Pods-LittleReaderTests-resources.sh\"\n";
			showEnvVarsInLog = 0;
		};
		A39C79402990DC42B6D9B5C8 /* Check Pods Manifest.lock */ = {
			isa = PBXShellScriptBuildPhase;
			buildActionMask = 2147483647;
			files = (
			);
			inputPaths = (
			);
			name = "Check Pods Manifest.lock";
			outputPaths = (
			);
			runOnlyForDeploymentPostprocessing = 0;
			shellPath = /bin/sh;
			shellScript = "diff \"${PODS_ROOT}/../Podfile.lock\" \"${PODS_ROOT}/Manifest.lock\" > /dev/null\nif [[ $? != 0 ]] ; then\n    cat << EOM\nerror: The sandbox is not in sync with the Podfile.lock. Run 'pod install' or update your CocoaPods installation.\nEOM\n    exit 1\nfi\n";
			showEnvVarsInLog = 0;
		};
		EB3ECA10D59DA118CC270ADE /* Copy Pods Resources */ = {
			isa = PBXShellScriptBuildPhase;
			buildActionMask = 2147483647;
			files = (
			);
			inputPaths = (
			);
			name = "Copy Pods Resources";
			outputPaths = (
			);
			runOnlyForDeploymentPostprocessing = 0;
			shellPath = /bin/sh;
			shellScript = "\"${SRCROOT}/Pods/Target Support Files/Pods-LittleReader/Pods-LittleReader-resources.sh\"\n";
			showEnvVarsInLog = 0;
		};
/* End PBXShellScriptBuildPhase section */

/* Begin PBXSourcesBuildPhase section */
		E8CDE7DF199FD18F0036CFE8 /* Sources */ = {
			isa = PBXSourcesBuildPhase;
			buildActionMask = 2147483647;
			files = (
				E84C8B9C1A12936D00B66B74 /* UIColorExtensions.swift in Sources */,
				E8FBFD441A012B6600087BE2 /* LessonPlanner.swift in Sources */,
				E8CDE7EE199FD18F0036CFE8 /* MainViewController.swift in Sources */,
				E84794FF1A01C4470065BABE /* LessonsListViewController.swift in Sources */,
				E8E23E681A042785004764E9 /* LessonsViewController.swift in Sources */,
				E82DEBFD19F6AA4100EED0A8 /* UserPreferences.swift in Sources */,
				E85F39C919A6BB670004C80F /* Word.swift in Sources */,
				E852E8061A1AB0B700DE8540 /* NSErrorExtensions.swift in Sources */,
				E8F807451A12793E00FC427F /* MenuViewController.swift in Sources */,
				E8CEDB5F1A1D13E400BE4ED8 /* LessonsListViewTableViewCells.swift in Sources */,
				E86FF5A41A1BA8A700F71F95 /* WordListTableHeaderView.swift in Sources */,
				E8BFC8331A165075004929EF /* WordsViewController.swift in Sources */,
				E8CEDB6F1A1E423300BE4ED8 /* NotificationViewController.swift in Sources */,
				E8DB1FBC1A1EA249001B904D /* NotificationsDisplayViewController.swift in Sources */,
				E8FBFD481A013DD700087BE2 /* NSDateExtensions.swift in Sources */,
				E884F1951A1BCBFE0040AA13 /* STCollapseTableView.m in Sources */,
				E8F4B3351A1E98BB00904C07 /* Notification.swift in Sources */,
				E816042D19FAE05200B87B9D /* Common.swift in Sources */,
				E8A50DDD1A01B7F100756CC8 /* LessonLog.swift in Sources */,
				E81846D219F9503D0012EAAF /* MangedObjectContextHolder.swift in Sources */,
				E82959131A00108D003575F7 /* AddWordsViewController.swift in Sources */,
				E818296C19F6FE87007B6DC9 /* LessonViewController.swift in Sources */,
				E8CEDB631A1D347F00BE4ED8 /* LessonsListTableViewHeader.swift in Sources */,
				E8DB1FBD1A1EA249001B904D /* LittleReader.xcdatamodeld in Sources */,
				E81846D019F94B580012EAAF /* ChildInfoViewController.swift in Sources */,
				E858B7EF19BA3D59003C5727 /* StreamReader.swift in Sources */,
				E839D8D219FE802900D0765E /* WordImporter.swift in Sources */,
				E81846D419F961870012EAAF /* UIAlertExtensions.swift in Sources */,
				E8CDE7E9199FD18F0036CFE8 /* AppDelegate.swift in Sources */,
				E85F39CC19A6BB670004C80F /* WordSet.swift in Sources */,
				E841F67619FA935800684DD6 /* NSDate+HumanizedTime.m in Sources */,
				E8ACF33F1A1827D3005D6740 /* ChildInfoBirthDatePopoverViewController.swift in Sources */,
				E8BFC8351A1650A6004929EF /* SettingsViewController.swift in Sources */,
				E82DEC0519F6B97300EED0A8 /* UsageAnalytics.swift in Sources */,
				E841F67219FA868700684DD6 /* WordListViewController.swift in Sources */,
				E88916D71A047CB0002C8F13 /* Baby.swift in Sources */,
				E8BA1C2419BA11DB0092974A /* SettingsListViewController.swift in Sources */,
			);
			runOnlyForDeploymentPostprocessing = 0;
		};
		E8CDE7F4199FD18F0036CFE8 /* Sources */ = {
			isa = PBXSourcesBuildPhase;
			buildActionMask = 2147483647;
			files = (
				E88916D11A04340B002C8F13 /* CoreDataUnitTestBase.swift in Sources */,
				E88916D31A0474AA002C8F13 /* BabyTests.swift in Sources */,
				E816042919FAD89F00B87B9D /* UsageAnalytics.swift in Sources */,
				E8FBFD461A01326400087BE2 /* UserPreferences.swift in Sources */,
				E8FBFD4B1A013F2500087BE2 /* NSDateExtensionsTests.swift in Sources */,
				E81C446219FE7794007966E5 /* WordImporterTests.swift in Sources */,
				E88916D51A047BCE002C8F13 /* LessonPlannerTests.swift in Sources */,
				E81C446419FE77C6007966E5 /* WordSetTests.swift in Sources */,
				E81C446019FBFA5C007966E5 /* Common.swift in Sources */,
				E8FBFD491A013DD700087BE2 /* NSDateExtensions.swift in Sources */,
			);
			runOnlyForDeploymentPostprocessing = 0;
		};
/* End PBXSourcesBuildPhase section */

/* Begin PBXTargetDependency section */
		E8CDE7FA199FD18F0036CFE8 /* PBXTargetDependency */ = {
			isa = PBXTargetDependency;
			target = E8CDE7E2199FD18F0036CFE8 /* LittleReader */;
			targetProxy = E8CDE7F9199FD18F0036CFE8 /* PBXContainerItemProxy */;
		};
/* End PBXTargetDependency section */

/* Begin PBXVariantGroup section */
		E8CDE7EF199FD18F0036CFE8 /* Main.storyboard */ = {
			isa = PBXVariantGroup;
			children = (
				E8CDE7F0199FD18F0036CFE8 /* Base */,
			);
			name = Main.storyboard;
			sourceTree = "<group>";
		};
/* End PBXVariantGroup section */

/* Begin XCBuildConfiguration section */
		E8CDE800199FD18F0036CFE8 /* Debug */ = {
			isa = XCBuildConfiguration;
			buildSettings = {
				ALWAYS_SEARCH_USER_PATHS = NO;
				CLANG_CXX_LANGUAGE_STANDARD = "gnu++0x";
				CLANG_CXX_LIBRARY = "libc++";
				CLANG_ENABLE_MODULES = YES;
				CLANG_ENABLE_OBJC_ARC = YES;
				CLANG_WARN_BOOL_CONVERSION = YES;
				CLANG_WARN_CONSTANT_CONVERSION = YES;
				CLANG_WARN_DIRECT_OBJC_ISA_USAGE = YES_ERROR;
				CLANG_WARN_EMPTY_BODY = YES;
				CLANG_WARN_ENUM_CONVERSION = YES;
				CLANG_WARN_INT_CONVERSION = YES;
				CLANG_WARN_OBJC_ROOT_CLASS = YES_ERROR;
				CLANG_WARN_UNREACHABLE_CODE = YES;
				CLANG_WARN__DUPLICATE_METHOD_MATCH = YES;
				"CODE_SIGN_IDENTITY[sdk=iphoneos*]" = "iPhone Developer";
				COPY_PHASE_STRIP = NO;
				ENABLE_STRICT_OBJC_MSGSEND = YES;
				GCC_C_LANGUAGE_STANDARD = gnu99;
				GCC_DYNAMIC_NO_PIC = NO;
				GCC_OPTIMIZATION_LEVEL = 0;
				GCC_PREPROCESSOR_DEFINITIONS = (
					"DEBUG=1",
					"$(inherited)",
				);
				GCC_SYMBOLS_PRIVATE_EXTERN = NO;
				GCC_WARN_64_TO_32_BIT_CONVERSION = YES;
				GCC_WARN_ABOUT_RETURN_TYPE = YES_ERROR;
				GCC_WARN_UNDECLARED_SELECTOR = YES;
				GCC_WARN_UNINITIALIZED_AUTOS = YES_AGGRESSIVE;
				GCC_WARN_UNUSED_FUNCTION = YES;
				GCC_WARN_UNUSED_VARIABLE = YES;
				IPHONEOS_DEPLOYMENT_TARGET = 7.0;
				MTL_ENABLE_DEBUG_INFO = YES;
				ONLY_ACTIVE_ARCH = YES;
				SDKROOT = iphoneos;
				SWIFT_OBJC_BRIDGING_HEADER = LittleReader/ObjCBridging.h;
				SWIFT_OPTIMIZATION_LEVEL = "-Onone";
				TARGETED_DEVICE_FAMILY = "1,2";
			};
			name = Debug;
		};
		E8CDE801199FD18F0036CFE8 /* Release */ = {
			isa = XCBuildConfiguration;
			buildSettings = {
				ALWAYS_SEARCH_USER_PATHS = NO;
				CLANG_CXX_LANGUAGE_STANDARD = "gnu++0x";
				CLANG_CXX_LIBRARY = "libc++";
				CLANG_ENABLE_MODULES = YES;
				CLANG_ENABLE_OBJC_ARC = YES;
				CLANG_WARN_BOOL_CONVERSION = YES;
				CLANG_WARN_CONSTANT_CONVERSION = YES;
				CLANG_WARN_DIRECT_OBJC_ISA_USAGE = YES_ERROR;
				CLANG_WARN_EMPTY_BODY = YES;
				CLANG_WARN_ENUM_CONVERSION = YES;
				CLANG_WARN_INT_CONVERSION = YES;
				CLANG_WARN_OBJC_ROOT_CLASS = YES_ERROR;
				CLANG_WARN_UNREACHABLE_CODE = YES;
				CLANG_WARN__DUPLICATE_METHOD_MATCH = YES;
				CODE_SIGN_IDENTITY = "iPhone Distribution";
				"CODE_SIGN_IDENTITY[sdk=iphoneos*]" = "iPhone Distribution";
				COPY_PHASE_STRIP = YES;
				ENABLE_NS_ASSERTIONS = NO;
				ENABLE_STRICT_OBJC_MSGSEND = YES;
				GCC_C_LANGUAGE_STANDARD = gnu99;
				GCC_WARN_64_TO_32_BIT_CONVERSION = YES;
				GCC_WARN_ABOUT_RETURN_TYPE = YES_ERROR;
				GCC_WARN_UNDECLARED_SELECTOR = YES;
				GCC_WARN_UNINITIALIZED_AUTOS = YES_AGGRESSIVE;
				GCC_WARN_UNUSED_FUNCTION = YES;
				GCC_WARN_UNUSED_VARIABLE = YES;
				IPHONEOS_DEPLOYMENT_TARGET = 7.0;
				MTL_ENABLE_DEBUG_INFO = NO;
				SDKROOT = iphoneos;
				SWIFT_OBJC_BRIDGING_HEADER = LittleReader/ObjCBridging.h;
				TARGETED_DEVICE_FAMILY = "1,2";
				VALIDATE_PRODUCT = YES;
			};
			name = Release;
		};
		E8CDE803199FD18F0036CFE8 /* Debug */ = {
			isa = XCBuildConfiguration;
			baseConfigurationReference = 65B18C27B6BB5D1AFA55EB4B /* Pods-LittleReader.debug.xcconfig */;
			buildSettings = {
				ASSETCATALOG_COMPILER_APPICON_NAME = AppIcon;
				ASSETCATALOG_COMPILER_LAUNCHIMAGE_NAME = LaunchImage;
				CLANG_ENABLE_MODULES = YES;
				CODE_SIGN_IDENTITY = "iPhone Developer";
				"CODE_SIGN_IDENTITY[sdk=iphoneos*]" = "iPhone Developer";
				INFOPLIST_FILE = LittleReader/Info.plist;
				IPHONEOS_DEPLOYMENT_TARGET = 7.0;
				LD_RUNPATH_SEARCH_PATHS = "$(inherited) @executable_path/Frameworks";
				PRODUCT_NAME = "$(TARGET_NAME)";
				PROVISIONING_PROFILE = "";
				SWIFT_OPTIMIZATION_LEVEL = "-Onone";
				TARGETED_DEVICE_FAMILY = 2;
			};
			name = Debug;
		};
		E8CDE804199FD18F0036CFE8 /* Release */ = {
			isa = XCBuildConfiguration;
			baseConfigurationReference = C20539EBE83920ACA862BCA4 /* Pods-LittleReader.release.xcconfig */;
			buildSettings = {
				ASSETCATALOG_COMPILER_APPICON_NAME = AppIcon;
				ASSETCATALOG_COMPILER_LAUNCHIMAGE_NAME = LaunchImage;
				CLANG_ENABLE_MODULES = YES;
				CODE_SIGN_IDENTITY = "iPhone Developer";
				"CODE_SIGN_IDENTITY[sdk=iphoneos*]" = "iPhone Developer";
				INFOPLIST_FILE = LittleReader/Info.plist;
				IPHONEOS_DEPLOYMENT_TARGET = 7.0;
				LD_RUNPATH_SEARCH_PATHS = "$(inherited) @executable_path/Frameworks";
				PRODUCT_NAME = "$(TARGET_NAME)";
				PROVISIONING_PROFILE = "";
				TARGETED_DEVICE_FAMILY = 2;
			};
			name = Release;
		};
		E8CDE806199FD18F0036CFE8 /* Debug */ = {
			isa = XCBuildConfiguration;
			baseConfigurationReference = F3EC5D2E2DA1EF2F907A90A7 /* Pods-LittleReaderTests.debug.xcconfig */;
			buildSettings = {
				BUNDLE_LOADER = "$(TEST_HOST)";
				CLANG_ENABLE_MODULES = YES;
				FRAMEWORK_SEARCH_PATHS = (
					"$(SDKROOT)/Developer/Library/Frameworks",
					"$(inherited)",
				);
				GCC_PREPROCESSOR_DEFINITIONS = (
					"DEBUG=1",
					"$(inherited)",
				);
				INFOPLIST_FILE = LittleReaderTests/Info.plist;
				LD_RUNPATH_SEARCH_PATHS = "$(inherited) @executable_path/Frameworks @loader_path/Frameworks";
				PRODUCT_NAME = "$(TARGET_NAME)";
				SWIFT_OPTIMIZATION_LEVEL = "-Onone";
				TEST_HOST = "$(BUILT_PRODUCTS_DIR)/LittleReader.app/LittleReader";
			};
			name = Debug;
		};
		E8CDE807199FD18F0036CFE8 /* Release */ = {
			isa = XCBuildConfiguration;
			baseConfigurationReference = DD3CC555AE2AE49B8D2EB1B6 /* Pods-LittleReaderTests.release.xcconfig */;
			buildSettings = {
				BUNDLE_LOADER = "$(TEST_HOST)";
				CLANG_ENABLE_MODULES = YES;
				FRAMEWORK_SEARCH_PATHS = (
					"$(SDKROOT)/Developer/Library/Frameworks",
					"$(inherited)",
				);
				INFOPLIST_FILE = LittleReaderTests/Info.plist;
				LD_RUNPATH_SEARCH_PATHS = "$(inherited) @executable_path/Frameworks @loader_path/Frameworks";
				PRODUCT_NAME = "$(TARGET_NAME)";
				TEST_HOST = "$(BUILT_PRODUCTS_DIR)/LittleReader.app/LittleReader";
			};
			name = Release;
		};
/* End XCBuildConfiguration section */

/* Begin XCConfigurationList section */
		E8CDE7DE199FD18F0036CFE8 /* Build configuration list for PBXProject "LittleReader" */ = {
			isa = XCConfigurationList;
			buildConfigurations = (
				E8CDE800199FD18F0036CFE8 /* Debug */,
				E8CDE801199FD18F0036CFE8 /* Release */,
			);
			defaultConfigurationIsVisible = 0;
			defaultConfigurationName = Release;
		};
		E8CDE802199FD18F0036CFE8 /* Build configuration list for PBXNativeTarget "LittleReader" */ = {
			isa = XCConfigurationList;
			buildConfigurations = (
				E8CDE803199FD18F0036CFE8 /* Debug */,
				E8CDE804199FD18F0036CFE8 /* Release */,
			);
			defaultConfigurationIsVisible = 0;
			defaultConfigurationName = Release;
		};
		E8CDE805199FD18F0036CFE8 /* Build configuration list for PBXNativeTarget "LittleReaderTests" */ = {
			isa = XCConfigurationList;
			buildConfigurations = (
				E8CDE806199FD18F0036CFE8 /* Debug */,
				E8CDE807199FD18F0036CFE8 /* Release */,
			);
			defaultConfigurationIsVisible = 0;
			defaultConfigurationName = Release;
		};
/* End XCConfigurationList section */

/* Begin XCVersionGroup section */
		E8DB1FBA1A1EA249001B904D /* LittleReader.xcdatamodeld */ = {
			isa = XCVersionGroup;
			children = (
				E8DB1FBB1A1EA249001B904D /* LittleReader.xcdatamodel */,
			);
			currentVersion = E8DB1FBB1A1EA249001B904D /* LittleReader.xcdatamodel */;
			path = LittleReader.xcdatamodeld;
			sourceTree = "<group>";
			versionGroupType = wrapper.xcdatamodel;
		};
/* End XCVersionGroup section */
	};
	rootObject = E8CDE7DB199FD18F0036CFE8 /* Project object */;
}
